
Microsoft Visual Studio Solution File, Format Version 12.00
# Visual Studio Version 17
VisualStudioVersion = 17.10.35004.147
MinimumVisualStudioVersion = 10.0.40219.1
Project("{9A19103F-16F7-4668-BE54-9A1E7A4F7556}") = "task 1", "task 1\task 1.csproj", "{B85775FF-515D-4455-ACD6-5F18CEC181F2}"
EndProject
Project("{9A19103F-16F7-4668-BE54-9A1E7A4F7556}") = "task 2", "task 2\task 2.csproj", "{D6FD5A8B-0524-4317-B3DD-BB322BBA932F}"
EndProject
Project("{FAE04EC0-301F-11D3-BF4B-00C04F79EFBC}") = "task 3", "task 3\task 3.csproj", "{1ED8EBD6-C942-4652-B3FD-4DB0F6F05E51}"
EndProject
Global
	GlobalSection(SolutionConfigurationPlatforms) = preSolution
		Debug|Any CPU = Debug|Any CPU
		Release|Any CPU = Release|Any CPU
	EndGlobalSection
	GlobalSection(ProjectConfigurationPlatforms) = postSolution
		{B85775FF-515D-4455-ACD6-5F18CEC181F2}.Debug|Any CPU.ActiveCfg = Debug|Any CPU
		{B85775FF-515D-4455-ACD6-5F18CEC181F2}.Debug|Any CPU.Build.0 = Debug|Any CPU
		{B85775FF-515D-4455-ACD6-5F18CEC181F2}.Release|Any CPU.ActiveCfg = Release|Any CPU
		{B85775FF-515D-4455-ACD6-5F18CEC181F2}.Release|Any CPU.Build.0 = Release|Any CPU
		{D6FD5A8B-0524-4317-B3DD-BB322BBA932F}.Debug|Any CPU.ActiveCfg = Debug|Any CPU
		{D6FD5A8B-0524-4317-B3DD-BB322BBA932F}.Debug|Any CPU.Build.0 = Debug|Any CPU
		{D6FD5A8B-0524-4317-B3DD-BB322BBA932F}.Release|Any CPU.ActiveCfg = Release|Any CPU
		{D6FD5A8B-0524-4317-B3DD-BB322BBA932F}.Release|Any CPU.Build.0 = Release|Any CPU
		{1ED8EBD6-C942-4652-B3FD-4DB0F6F05E51}.Debug|Any CPU.ActiveCfg = Debug|Any CPU
		{1ED8EBD6-C942-4652-B3FD-4DB0F6F05E51}.Debug|Any CPU.Build.0 = Debug|Any CPU
		{1ED8EBD6-C942-4652-B3FD-4DB0F6F05E51}.Release|Any CPU.ActiveCfg = Release|Any CPU
		{1ED8EBD6-C942-4652-B3FD-4DB0F6F05E51}.Release|Any CPU.Build.0 = Release|Any CPU
	EndGlobalSection
	GlobalSection(SolutionProperties) = preSolution
		HideSolutionNode = FALSE
	EndGlobalSection
	GlobalSection(ExtensibilityGlobals) = postSolution
		SolutionGuid = {BDF34419-31C0-4295-95FA-70681671079F}
	EndGlobalSection
EndGlobal
